
Microsoft Visual Studio Solution File, Format Version 12.00
# Visual Studio Version 16
VisualStudioVersion = 16.0.28531.58
MinimumVisualStudioVersion = 10.0.40219.1
Project("{FAE04EC0-301F-11D3-BF4B-00C04F79EFBC}") = "UserDataMicroserviceAPI", "UserDataMicroserviceAPI\UserDataMicroserviceAPI.csproj", "{AFD5CFE8-090A-42FD-8D62-B363A00BF5A6}"
EndProject
Project("{FAE04EC0-301F-11D3-BF4B-00C04F79EFBC}") = "UserDataMicroserviceAPI.Tests", "UserDataMicroserviceAPI.Tests\UserDataMicroserviceAPI.Tests.csproj", "{587DFB34-A188-4AE9-A8C5-F5D785BEEE01}"
EndProject
Global
	GlobalSection(SolutionConfigurationPlatforms) = preSolution
		Debug|Any CPU = Debug|Any CPU
		Release|Any CPU = Release|Any CPU
	EndGlobalSection
	GlobalSection(ProjectConfigurationPlatforms) = postSolution
		{AFD5CFE8-090A-42FD-8D62-B363A00BF5A6}.Debug|Any CPU.ActiveCfg = Debug|Any CPU
		{AFD5CFE8-090A-42FD-8D62-B363A00BF5A6}.Debug|Any CPU.Build.0 = Debug|Any CPU
		{AFD5CFE8-090A-42FD-8D62-B363A00BF5A6}.Release|Any CPU.ActiveCfg = Release|Any CPU
		{AFD5CFE8-090A-42FD-8D62-B363A00BF5A6}.Release|Any CPU.Build.0 = Release|Any CPU
		{587DFB34-A188-4AE9-A8C5-F5D785BEEE01}.Debug|Any CPU.ActiveCfg = Debug|Any CPU
		{587DFB34-A188-4AE9-A8C5-F5D785BEEE01}.Debug|Any CPU.Build.0 = Debug|Any CPU
		{587DFB34-A188-4AE9-A8C5-F5D785BEEE01}.Release|Any CPU.ActiveCfg = Release|Any CPU
		{587DFB34-A188-4AE9-A8C5-F5D785BEEE01}.Release|Any CPU.Build.0 = Release|Any CPU
	EndGlobalSection
	GlobalSection(SolutionProperties) = preSolution
		HideSolutionNode = FALSE
	EndGlobalSection
	GlobalSection(ExtensibilityGlobals) = postSolution
		SolutionGuid = {60943443-6B28-4CA5-A1F2-2CC92F07A0F3}
	EndGlobalSection
EndGlobal
